
Microsoft Visual Studio Solution File, Format Version 12.00
# Visual Studio Version 17
VisualStudioVersion = 17.5.002.0
MinimumVisualStudioVersion = 10.0.40219.1
Project("{9A19103F-16F7-4668-BE54-9A1E7A4F7556}") = "ToDoListApp", "ToDoListApp.csproj", "{72577BCF-C1E6-4D03-ACE1-3DA90F1E03A7}"
EndProject
Global
	GlobalSection(SolutionConfigurationPlatforms) = preSolution
		Debug|Any CPU = Debug|Any CPU
		Release|Any CPU = Release|Any CPU
	EndGlobalSection
	GlobalSection(ProjectConfigurationPlatforms) = postSolution
		{72577BCF-C1E6-4D03-ACE1-3DA90F1E03A7}.Debug|Any CPU.ActiveCfg = Debug|Any CPU
		{72577BCF-C1E6-4D03-ACE1-3DA90F1E03A7}.Debug|Any CPU.Build.0 = Debug|Any CPU
		{72577BCF-C1E6-4D03-ACE1-3DA90F1E03A7}.Release|Any CPU.ActiveCfg = Release|Any CPU
		{72577BCF-C1E6-4D03-ACE1-3DA90F1E03A7}.Release|Any CPU.Build.0 = Release|Any CPU
	EndGlobalSection
	GlobalSection(SolutionProperties) = preSolution
		HideSolutionNode = FALSE
	EndGlobalSection
	GlobalSection(ExtensibilityGlobals) = postSolution
		SolutionGuid = {DE6E9087-169C-44C8-B44D-3B4FD50EFD79}
	EndGlobalSection
EndGlobal
